// !$*UTF8*$!
{
	archiveVersion = 1;
	classes = {
	};
	objectVersion = 56;
	objects = {

/* Begin PBXBuildFile section */
		A1B2C3D4E5F6789012345601 /* EMOMApp.swift in Sources */ = {isa = PBXBuildFile; fileRef = A1B2C3D4E5F6789012345602 /* EMOMApp.swift */; };
		A1B2C3D4E5F6789012345603 /* Assets.xcassets in Resources */ = {isa = PBXBuildFile; fileRef = A1B2C3D4E5F6789012345604 /* Assets.xcassets */; };
		AA00000000000000003001 /* TimerPhase.swift in Sources */ = {isa = PBXBuildFile; fileRef = AA00000000000000002001 /* TimerPhase.swift */; };
		AA00000000000000003002 /* ColorCue.swift in Sources */ = {isa = PBXBuildFile; fileRef = AA00000000000000002002 /* ColorCue.swift */; };
		AA00000000000000003003 /* CueLogic.swift in Sources */ = {isa = PBXBuildFile; fileRef = AA00000000000000002003 /* CueLogic.swift */; };
		AA00000000000000003004 /* TimerEngine.swift in Sources */ = {isa = PBXBuildFile; fileRef = AA00000000000000002004 /* TimerEngine.swift */; };
		AA00000000000000003005 /* AudioCuePlayer.swift in Sources */ = {isa = PBXBuildFile; fileRef = AA00000000000000002005 /* AudioCuePlayer.swift */; };
		AA00000000000000003006 /* Haptics.swift in Sources */ = {isa = PBXBuildFile; fileRef = AA00000000000000002006 /* Haptics.swift */; };
		AA00000000000000003007 /* ScreenWake.swift in Sources */ = {isa = PBXBuildFile; fileRef = AA00000000000000002007 /* ScreenWake.swift */; };
		AA00000000000000003008 /* ContentView.swift in Sources */ = {isa = PBXBuildFile; fileRef = AA00000000000000002008 /* ContentView.swift */; };
		AA00000000000000003009 /* LiquidGlassBackground.swift in Sources */ = {isa = PBXBuildFile; fileRef = AA00000000000000002009 /* LiquidGlassBackground.swift */; };
		AA00000000000000003010 /* TimerDisplayView.swift in Sources */ = {isa = PBXBuildFile; fileRef = AA00000000000000002010 /* TimerDisplayView.swift */; };
		AA00000000000000003011 /* RoundsView.swift in Sources */ = {isa = PBXBuildFile; fileRef = AA00000000000000002011 /* RoundsView.swift */; };
		AA00000000000000003012 /* ControlsView.swift in Sources */ = {isa = PBXBuildFile; fileRef = AA00000000000000002012 /* ControlsView.swift */; };
		BB00000000000000001003 /* CueLogicTests.swift in Sources */ = {isa = PBXBuildFile; fileRef = BB00000000000000001002 /* CueLogicTests.swift */; };
		BB00000000000000001015 /* CueLogic.swift in TestSources */ = {isa = PBXBuildFile; fileRef = AA00000000000000002003 /* CueLogic.swift */; };
		BB00000000000000001016 /* ColorCue.swift in TestSources */ = {isa = PBXBuildFile; fileRef = AA00000000000000002002 /* ColorCue.swift */; };
/* End PBXBuildFile section */

/* Begin PBXContainerItemProxy section */
		BB00000000000000001006 /* PBXContainerItemProxy */ = {
			isa = PBXContainerItemProxy;
			containerPortal = A1B2C3D4E5F6789012345614 /* Project object */;
			proxyType = 1;
			remoteGlobalIDString = A1B2C3D4E5F6789012345610;
			remoteInfo = EMOMTimer;
		};
/* End PBXContainerItemProxy section */

/* Begin PBXFileReference section */
		A1B2C3D4E5F6789012345600 /* EMOMTimer.app */ = {isa = PBXFileReference; explicitFileType = wrapper.application; includeInIndex = 0; path = EMOMTimer.app; sourceTree = BUILT_PRODUCTS_DIR; };
		A1B2C3D4E5F6789012345602 /* EMOMApp.swift */ = {isa = PBXFileReference; lastKnownFileType = sourcecode.swift; path = EMOMApp.swift; sourceTree = "<group>"; };
		A1B2C3D4E5F6789012345604 /* Assets.xcassets */ = {isa = PBXFileReference; lastKnownFileType = folder.assetcatalog; path = Assets.xcassets; sourceTree = "<group>"; };
		A1B2C3D4E5F6789012345605 /* Info.plist */ = {isa = PBXFileReference; lastKnownFileType = text.plist.xml; path = Info.plist; sourceTree = "<group>"; };
		AA00000000000000002001 /* TimerPhase.swift */ = {isa = PBXFileReference; lastKnownFileType = sourcecode.swift; path = TimerPhase.swift; sourceTree = "<group>"; };
		AA00000000000000002002 /* ColorCue.swift */ = {isa = PBXFileReference; lastKnownFileType = sourcecode.swift; path = ColorCue.swift; sourceTree = "<group>"; };
		AA00000000000000002003 /* CueLogic.swift */ = {isa = PBXFileReference; lastKnownFileType = sourcecode.swift; path = CueLogic.swift; sourceTree = "<group>"; };
		AA00000000000000002004 /* TimerEngine.swift */ = {isa = PBXFileReference; lastKnownFileType = sourcecode.swift; path = TimerEngine.swift; sourceTree = "<group>"; };
		AA00000000000000002005 /* AudioCuePlayer.swift */ = {isa = PBXFileReference; lastKnownFileType = sourcecode.swift; path = AudioCuePlayer.swift; sourceTree = "<group>"; };
		AA00000000000000002006 /* Haptics.swift */ = {isa = PBXFileReference; lastKnownFileType = sourcecode.swift; path = Haptics.swift; sourceTree = "<group>"; };
		AA00000000000000002007 /* ScreenWake.swift */ = {isa = PBXFileReference; lastKnownFileType = sourcecode.swift; path = ScreenWake.swift; sourceTree = "<group>"; };
		AA00000000000000002008 /* ContentView.swift */ = {isa = PBXFileReference; lastKnownFileType = sourcecode.swift; path = ContentView.swift; sourceTree = "<group>"; };
		AA00000000000000002009 /* LiquidGlassBackground.swift */ = {isa = PBXFileReference; lastKnownFileType = sourcecode.swift; path = LiquidGlassBackground.swift; sourceTree = "<group>"; };
		AA00000000000000002010 /* TimerDisplayView.swift */ = {isa = PBXFileReference; lastKnownFileType = sourcecode.swift; path = TimerDisplayView.swift; sourceTree = "<group>"; };
		AA00000000000000002011 /* RoundsView.swift */ = {isa = PBXFileReference; lastKnownFileType = sourcecode.swift; path = RoundsView.swift; sourceTree = "<group>"; };
		AA00000000000000002012 /* ControlsView.swift */ = {isa = PBXFileReference; lastKnownFileType = sourcecode.swift; path = ControlsView.swift; sourceTree = "<group>"; };
		BB00000000000000001001 /* EMOMTimerTests.xctest */ = {isa = PBXFileReference; explicitFileType = wrapper.cfbundle; includeInIndex = 0; path = EMOMTimerTests.xctest; sourceTree = BUILT_PRODUCTS_DIR; };
		BB00000000000000001002 /* CueLogicTests.swift */ = {isa = PBXFileReference; lastKnownFileType = sourcecode.swift; path = CueLogicTests.swift; sourceTree = "<group>"; };
/* End PBXFileReference section */

/* Begin PBXFrameworksBuildPhase section */
		A1B2C3D4E5F6789012345606 /* Frameworks */ = {
			isa = PBXFrameworksBuildPhase;
			buildActionMask = 2147483647;
			files = (
			);
			runOnlyForDeploymentPostprocessing = 0;
		};
		BB00000000000000001005 /* Frameworks */ = {
			isa = PBXFrameworksBuildPhase;
			buildActionMask = 2147483647;
			files = (
			);
			runOnlyForDeploymentPostprocessing = 0;
		};
/* End PBXFrameworksBuildPhase section */

/* Begin PBXGroup section */
		A1B2C3D4E5F6789012345607 = {
			isa = PBXGroup;
			children = (
				A1B2C3D4E5F6789012345608 /* EMOMTimer */,
				BB00000000000000001009 /* EMOMTimerTests */,
				A1B2C3D4E5F6789012345609 /* Products */,
			);
			sourceTree = "<group>";
		};
		A1B2C3D4E5F6789012345608 /* EMOMTimer */ = {
			isa = PBXGroup;
			children = (
				A1B2C3D4E5F6789012345602 /* EMOMApp.swift */,
				A1B2C3D4E5F6789012345604 /* Assets.xcassets */,
				A1B2C3D4E5F6789012345605 /* Info.plist */,
				AA00000000000000001001 /* Engine */,
				AA00000000000000001002 /* Services */,
				AA00000000000000001003 /* Views */,
			);
			path = EMOMTimer;
			sourceTree = "<group>";
		};
		AA00000000000000001001 /* Engine */ = {
			isa = PBXGroup;
			children = (
				AA00000000000000002001 /* TimerPhase.swift */,
				AA00000000000000002002 /* ColorCue.swift */,
				AA00000000000000002003 /* CueLogic.swift */,
				AA00000000000000002004 /* TimerEngine.swift */,
			);
			path = Engine;
			sourceTree = "<group>";
		};
		AA00000000000000001002 /* Services */ = {
			isa = PBXGroup;
			children = (
				AA00000000000000002005 /* AudioCuePlayer.swift */,
				AA00000000000000002006 /* Haptics.swift */,
				AA00000000000000002007 /* ScreenWake.swift */,
			);
			path = Services;
			sourceTree = "<group>";
		};
		AA00000000000000001003 /* Views */ = {
			isa = PBXGroup;
			children = (
				AA00000000000000002008 /* ContentView.swift */,
				AA00000000000000002009 /* LiquidGlassBackground.swift */,
				AA00000000000000002010 /* TimerDisplayView.swift */,
				AA00000000000000002011 /* RoundsView.swift */,
				AA00000000000000002012 /* ControlsView.swift */,
			);
			path = Views;
			sourceTree = "<group>";
		};
		BB00000000000000001009 /* EMOMTimerTests */ = {
			isa = PBXGroup;
			children = (
				BB00000000000000001002 /* CueLogicTests.swift */,
			);
			path = EMOMTimerTests;
			sourceTree = "<group>";
		};
		A1B2C3D4E5F6789012345609 /* Products */ = {
			isa = PBXGroup;
			children = (
				A1B2C3D4E5F6789012345600 /* EMOMTimer.app */,
				BB00000000000000001001 /* EMOMTimerTests.xctest */,
			);
			name = Products;
			sourceTree = "<group>";
		};
/* End PBXGroup section */

/* Begin PBXNativeTarget section */
		A1B2C3D4E5F6789012345610 /* EMOMTimer */ = {
			isa = PBXNativeTarget;
			buildConfigurationList = A1B2C3D4E5F6789012345611 /* Build configuration list for PBXNativeTarget "EMOMTimer" */;
			buildPhases = (
				A1B2C3D4E5F6789012345612 /* Sources */,
				A1B2C3D4E5F6789012345606 /* Frameworks */,
				A1B2C3D4E5F6789012345613 /* Resources */,
			);
			buildRules = (
			);
			dependencies = (
			);
			name = EMOMTimer;
			productName = EMOMTimer;
			productReference = A1B2C3D4E5F6789012345600 /* EMOMTimer.app */;
			productType = "com.apple.product-type.application";
		};
		BB00000000000000001008 /* EMOMTimerTests */ = {
			isa = PBXNativeTarget;
			buildConfigurationList = BB00000000000000001011 /* Build configuration list for PBXNativeTarget "EMOMTimerTests" */;
			buildPhases = (
				BB00000000000000001004 /* Sources */,
				BB00000000000000001005 /* Frameworks */,
			);
			buildRules = (
			);
			dependencies = (
				BB00000000000000001007 /* PBXTargetDependency */,
			);
			name = EMOMTimerTests;
			productName = EMOMTimerTests;
			productReference = BB00000000000000001001 /* EMOMTimerTests.xctest */;
			productType = "com.apple.product-type.bundle.unit-test";
		};
/* End PBXNativeTarget section */

/* Begin PBXProject section */
		A1B2C3D4E5F6789012345614 /* Project object */ = {
			isa = PBXProject;
			attributes = {
				BuildIndependentTargetsInParallel = 1;
				LastSwiftUpdateCheck = 1500;
				LastUpgradeCheck = 1500;
				TargetAttributes = {
					BB00000000000000001008 = {
						CreatedOnToolsVersion = 15.0;
						TestTargetID = A1B2C3D4E5F6789012345610;
					};
				};
			};
			buildConfigurationList = A1B2C3D4E5F6789012345615 /* Build configuration list for PBXProject "EMOMTimer" */;
			compatibilityVersion = "Xcode 14.0";
			developmentRegion = en;
			hasScannedForEncodings = 0;
			knownRegions = (
				en,
				Base,
			);
			mainGroup = A1B2C3D4E5F6789012345607;
			productRefGroup = A1B2C3D4E5F6789012345609 /* Products */;
			projectDirPath = "";
			projectRoot = "";
			targets = (
				A1B2C3D4E5F6789012345610 /* EMOMTimer */,
				BB00000000000000001008 /* EMOMTimerTests */,
			);
		};
/* End PBXProject section */

/* Begin PBXResourcesBuildPhase section */
		A1B2C3D4E5F6789012345613 /* Resources */ = {
			isa = PBXResourcesBuildPhase;
			buildActionMask = 2147483647;
			files = (
				A1B2C3D4E5F6789012345603 /* Assets.xcassets in Resources */,
			);
			runOnlyForDeploymentPostprocessing = 0;
		};
/* End PBXResourcesBuildPhase section */

/* Begin PBXSourcesBuildPhase section */
		A1B2C3D4E5F6789012345612 /* Sources */ = {
			isa = PBXSourcesBuildPhase;
			buildActionMask = 2147483647;
			files = (
				A1B2C3D4E5F6789012345601 /* EMOMApp.swift in Sources */,
				AA00000000000000003001 /* TimerPhase.swift in Sources */,
				AA00000000000000003002 /* ColorCue.swift in Sources */,
				AA00000000000000003003 /* CueLogic.swift in Sources */,
				AA00000000000000003004 /* TimerEngine.swift in Sources */,
				AA00000000000000003005 /* AudioCuePlayer.swift in Sources */,
				AA00000000000000003006 /* Haptics.swift in Sources */,
				AA00000000000000003007 /* ScreenWake.swift in Sources */,
				AA00000000000000003008 /* ContentView.swift in Sources */,
				AA00000000000000003009 /* LiquidGlassBackground.swift in Sources */,
				AA00000000000000003010 /* TimerDisplayView.swift in Sources */,
				AA00000000000000003011 /* RoundsView.swift in Sources */,
				AA00000000000000003012 /* ControlsView.swift in Sources */,
			);
			runOnlyForDeploymentPostprocessing = 0;
		};
		BB00000000000000001004 /* Sources */ = {
			isa = PBXSourcesBuildPhase;
			buildActionMask = 2147483647;
			files = (
				BB00000000000000001016 /* ColorCue.swift in TestSources */,
				BB00000000000000001015 /* CueLogic.swift in TestSources */,
				BB00000000000000001003 /* CueLogicTests.swift in Sources */,
			);
			runOnlyForDeploymentPostprocessing = 0;
		};
/* End PBXSourcesBuildPhase section */

/* Begin PBXTargetDependency section */
		BB00000000000000001007 /* PBXTargetDependency */ = {
			isa = PBXTargetDependency;
			target = A1B2C3D4E5F6789012345610 /* EMOMTimer */;
			targetProxy = BB00000000000000001006 /* PBXContainerItemProxy */;
		};
/* End PBXTargetDependency section */

/* Begin XCBuildConfiguration section */
		A1B2C3D4E5F6789012345616 /* Debug */ = {
			isa = XCBuildConfiguration;
			buildSettings = {
				ALWAYS_SEARCH_USER_PATHS = NO;
				CLANG_ANALYZER_NONNULL = YES;
				CLANG_ANALYZER_NUMBER_OBJECT_CONVERSION = YES_AGGRESSIVE;
				CLANG_CXX_LANGUAGE_STANDARD = "gnu++20";
				CLANG_ENABLE_MODULES = YES;
				CLANG_ENABLE_OBJC_ARC = YES;
				CLANG_ENABLE_OBJC_WEAK = YES;
				CLANG_WARN_BLOCK_CAPTURE_AUTORELEASING = YES;
				CLANG_WARN_BOOL_CONVERSION = YES;
				CLANG_WARN_COMMA = YES;
				CLANG_WARN_CONSTANT_CONVERSION = YES;
				CLANG_WARN_DEPRECATED_OBJC_IMPLEMENTATIONS = YES;
				CLANG_WARN_DIRECT_OBJC_ISA_USAGE = YES_ERROR;
				CLANG_WARN_DOCUMENTATION_COMMENTS = YES;
				CLANG_WARN_EMPTY_BODY = YES;
				CLANG_WARN_ENUM_CONVERSION = YES;
				CLANG_WARN_INFINITE_RECURSION = YES;
				CLANG_WARN_INT_CONVERSION = YES;
				CLANG_WARN_NON_LITERAL_NULL_CONVERSION = YES;
				CLANG_WARN_OBJC_IMPLICIT_RETAIN_SELF = YES;
				CLANG_WARN_OBJC_LITERAL_CONVERSION = YES;
				CLANG_WARN_OBJC_ROOT_CLASS = YES_ERROR;
				CLANG_WARN_QUOTED_INCLUDE_IN_FRAMEWORK_HEADER = YES;
				CLANG_WARN_RANGE_LOOP_ANALYSIS = YES;
				CLANG_WARN_STRICT_PROTOTYPES = YES;
				CLANG_WARN_SUSPICIOUS_MOVE = YES;
				CLANG_WARN_UNGUARDED_AVAILABILITY = YES_AGGRESSIVE;
				CLANG_WARN_UNREACHABLE_CODE = YES;
				CLANG_WARN__DUPLICATE_METHOD_MATCH = YES;
				COPY_PHASE_STRIP = NO;
				DEBUG_INFORMATION_FORMAT = dwarf;
				ENABLE_STRICT_OBJC_MSGSEND = YES;
				ENABLE_TESTABILITY = YES;
				GCC_C_LANGUAGE_STANDARD = gnu11;
				GCC_DYNAMIC_NO_PIC = NO;
				GCC_NO_COMMON_BLOCKS = YES;
				GCC_OPTIMIZATION_LEVEL = 0;
				GCC_PREPROCESSOR_DEFINITIONS = (
					"DEBUG=1",
					"$(inherited)",
				);
				GCC_WARN_64_TO_32_BIT_CONVERSION = YES;
				GCC_WARN_ABOUT_RETURN_TYPE = YES_ERROR;
				GCC_WARN_UNDECLARED_SELECTOR = YES;
				GCC_WARN_UNINITIALIZED_AUTOS = YES_AGGRESSIVE;
				GCC_WARN_UNUSED_FUNCTION = YES;
				GCC_WARN_UNUSED_VARIABLE = YES;
				IPHONEOS_DEPLOYMENT_TARGET = 17.0;
				MTL_ENABLE_DEBUG_INFO = INCLUDE_SOURCE;
				MTL_FAST_MATH = YES;
				ONLY_ACTIVE_ARCH = YES;
				SDKROOT = iphoneos;
				SWIFT_ACTIVE_COMPILATION_CONDITIONS = DEBUG;
				SWIFT_OPTIMIZATION_LEVEL = "-Onone";
			};
			name = Debug;
		};
		A1B2C3D4E5F6789012345617 /* Release */ = {
			isa = XCBuildConfiguration;
			buildSettings = {
				ALWAYS_SEARCH_USER_PATHS = NO;
				CLANG_ANALYZER_NONNULL = YES;
				CLANG_ANALYZER_NUMBER_OBJECT_CONVERSION = YES_AGGRESSIVE;
				CLANG_CXX_LANGUAGE_STANDARD = "gnu++20";
				CLANG_ENABLE_MODULES = YES;
				CLANG_ENABLE_OBJC_ARC = YES;
				CLANG_ENABLE_OBJC_WEAK = YES;
				CLANG_WARN_BLOCK_CAPTURE_AUTORELEASING = YES;
				CLANG_WARN_BOOL_CONVERSION = YES;
				CLANG_WARN_COMMA = YES;
				CLANG_WARN_CONSTANT_CONVERSION = YES;
				CLANG_WARN_DEPRECATED_OBJC_IMPLEMENTATIONS = YES;
				CLANG_WARN_DIRECT_OBJC_ISA_USAGE = YES_ERROR;
				CLANG_WARN_DOCUMENTATION_COMMENTS = YES;
				CLANG_WARN_EMPTY_BODY = YES;
				CLANG_WARN_ENUM_CONVERSION = YES;
				CLANG_WARN_INFINITE_RECURSION = YES;
				CLANG_WARN_INT_CONVERSION = YES;
				CLANG_WARN_NON_LITERAL_NULL_CONVERSION = YES;
				CLANG_WARN_OBJC_IMPLICIT_RETAIN_SELF = YES;
				CLANG_WARN_OBJC_LITERAL_CONVERSION = YES;
				CLANG_WARN_OBJC_ROOT_CLASS = YES_ERROR;
				CLANG_WARN_QUOTED_INCLUDE_IN_FRAMEWORK_HEADER = YES;
				CLANG_WARN_RANGE_LOOP_ANALYSIS = YES;
				CLANG_WARN_STRICT_PROTOTYPES = YES;
				CLANG_WARN_SUSPICIOUS_MOVE = YES;
				CLANG_WARN_UNGUARDED_AVAILABILITY = YES_AGGRESSIVE;
				CLANG_WARN_UNREACHABLE_CODE = YES;
				CLANG_WARN__DUPLICATE_METHOD_MATCH = YES;
				COPY_PHASE_STRIP = NO;
				DEBUG_INFORMATION_FORMAT = "dwarf-with-dsym";
				ENABLE_NS_ASSERTIONS = NO;
				ENABLE_STRICT_OBJC_MSGSEND = YES;
				GCC_C_LANGUAGE_STANDARD = gnu11;
				GCC_NO_COMMON_BLOCKS = YES;
				GCC_WARN_64_TO_32_BIT_CONVERSION = YES;
				GCC_WARN_ABOUT_RETURN_TYPE = YES_ERROR;
				GCC_WARN_UNDECLARED_SELECTOR = YES;
				GCC_WARN_UNINITIALIZED_AUTOS = YES_AGGRESSIVE;
				GCC_WARN_UNUSED_FUNCTION = YES;
				GCC_WARN_UNUSED_VARIABLE = YES;
				IPHONEOS_DEPLOYMENT_TARGET = 17.0;
				MTL_ENABLE_DEBUG_INFO = NO;
				MTL_FAST_MATH = YES;
				SDKROOT = iphoneos;
				SWIFT_COMPILATION_MODE = wholemodule;
				SWIFT_OPTIMIZATION_LEVEL = "-O";
				VALIDATE_PRODUCT = YES;
			};
			name = Release;
		};
		A1B2C3D4E5F6789012345618 /* Debug */ = {
			isa = XCBuildConfiguration;
			buildSettings = {
				ASSETCATALOG_COMPILER_APPICON_NAME = AppIcon;
				CODE_SIGN_STYLE = Automatic;
				CURRENT_PROJECT_VERSION = 1;
				DEVELOPMENT_TEAM = "";
				GENERATE_INFOPLIST_FILE = NO;
				INFOPLIST_FILE = EMOMTimer/Info.plist;
				INFOPLIST_KEY_UIApplicationSceneManifest_Generation = YES;
				INFOPLIST_KEY_UIApplicationSupportsIndirectInputEvents = YES;
				INFOPLIST_KEY_UILaunchScreen_Generation = YES;
				INFOPLIST_KEY_UISupportedInterfaceOrientations = "UIInterfaceOrientationPortrait UIInterfaceOrientationLandscapeLeft UIInterfaceOrientationLandscapeRight";
				INFOPLIST_KEY_UISupportedInterfaceOrientations_iPad = "UIInterfaceOrientationPortrait UIInterfaceOrientationPortraitUpsideDown UIInterfaceOrientationLandscapeLeft UIInterfaceOrientationLandscapeRight";
				IPHONEOS_DEPLOYMENT_TARGET = 17.0;
				LD_RUNPATH_SEARCH_PATHS = (
					"$(inherited)",
					"@executable_path/Frameworks",
				);
				MARKETING_VERSION = 1.0;
				PRODUCT_BUNDLE_IDENTIFIER = com.emomtimer.app;
				PRODUCT_NAME = "$(TARGET_NAME)";
				SWIFT_EMIT_LOC_STRINGS = YES;
				SWIFT_VERSION = 5.0;
				TARGETED_DEVICE_FAMILY = "1,2";
			};
			name = Debug;
		};
		A1B2C3D4E5F6789012345619 /* Release */ = {
			isa = XCBuildConfiguration;
			buildSettings = {
				ASSETCATALOG_COMPILER_APPICON_NAME = AppIcon;
				CODE_SIGN_STYLE = Automatic;
				CURRENT_PROJECT_VERSION = 1;
				DEVELOPMENT_TEAM = "";
				GENERATE_INFOPLIST_FILE = NO;
				INFOPLIST_FILE = EMOMTimer/Info.plist;
				INFOPLIST_KEY_UIApplicationSceneManifest_Generation = YES;
				INFOPLIST_KEY_UIApplicationSupportsIndirectInputEvents = YES;
				INFOPLIST_KEY_UILaunchScreen_Generation = YES;
				INFOPLIST_KEY_UISupportedInterfaceOrientations = "UIInterfaceOrientationPortrait UIInterfaceOrientationLandscapeLeft UIInterfaceOrientationLandscapeRight";
				INFOPLIST_KEY_UISupportedInterfaceOrientations_iPad = "UIInterfaceOrientationPortrait UIInterfaceOrientationPortraitUpsideDown UIInterfaceOrientationLandscapeLeft UIInterfaceOrientationLandscapeRight";
				IPHONEOS_DEPLOYMENT_TARGET = 17.0;
				LD_RUNPATH_SEARCH_PATHS = (
					"$(inherited)",
					"@executable_path/Frameworks",
				);
				MARKETING_VERSION = 1.0;
				PRODUCT_BUNDLE_IDENTIFIER = com.emomtimer.app;
				PRODUCT_NAME = "$(TARGET_NAME)";
				SWIFT_EMIT_LOC_STRINGS = YES;
				SWIFT_VERSION = 5.0;
				TARGETED_DEVICE_FAMILY = "1,2";
			};
			name = Release;
		};
		BB00000000000000001012 /* Debug */ = {
			isa = XCBuildConfiguration;
			buildSettings = {
				CODE_SIGN_STYLE = Automatic;
				CURRENT_PROJECT_VERSION = 1;
				DEVELOPMENT_TEAM = "";
				GENERATE_INFOPLIST_FILE = YES;
				IPHONEOS_DEPLOYMENT_TARGET = 17.0;
				LD_RUNPATH_SEARCH_PATHS = (
					"$(inherited)",
					"@executable_path/Frameworks",
					"@loader_path/Frameworks",
				);
				MARKETING_VERSION = 1.0;
				PRODUCT_BUNDLE_IDENTIFIER = com.emomtimer.tests;
				PRODUCT_NAME = "$(TARGET_NAME)";
				SWIFT_EMIT_LOC_STRINGS = NO;
				SWIFT_VERSION = 5.0;
				TARGETED_DEVICE_FAMILY = "1,2";
			};
			name = Debug;
		};
		BB00000000000000001013 /* Release */ = {
			isa = XCBuildConfiguration;
			buildSettings = {
				CODE_SIGN_STYLE = Automatic;
				CURRENT_PROJECT_VERSION = 1;
				DEVELOPMENT_TEAM = "";
				GENERATE_INFOPLIST_FILE = YES;
				IPHONEOS_DEPLOYMENT_TARGET = 17.0;
				LD_RUNPATH_SEARCH_PATHS = (
					"$(inherited)",
					"@executable_path/Frameworks",
					"@loader_path/Frameworks",
				);
				MARKETING_VERSION = 1.0;
				PRODUCT_BUNDLE_IDENTIFIER = com.emomtimer.tests;
				PRODUCT_NAME = "$(TARGET_NAME)";
				SWIFT_EMIT_LOC_STRINGS = NO;
				SWIFT_VERSION = 5.0;
				TARGETED_DEVICE_FAMILY = "1,2";
			};
			name = Release;
		};
/* End XCBuildConfiguration section */

/* Begin XCConfigurationList section */
		A1B2C3D4E5F6789012345615 /* Build configuration list for PBXProject "EMOMTimer" */ = {
			isa = XCConfigurationList;
			buildConfigurations = (
				A1B2C3D4E5F6789012345616 /* Debug */,
				A1B2C3D4E5F6789012345617 /* Release */,
			);
			defaultConfigurationIsVisible = 0;
			defaultConfigurationName = Release;
		};
		A1B2C3D4E5F6789012345611 /* Build configuration list for PBXNativeTarget "EMOMTimer" */ = {
			isa = XCConfigurationList;
			buildConfigurations = (
				A1B2C3D4E5F6789012345618 /* Debug */,
				A1B2C3D4E5F6789012345619 /* Release */,
			);
			defaultConfigurationIsVisible = 0;
			defaultConfigurationName = Release;
		};
		BB00000000000000001014 /* Build configuration list for PBXNativeTarget "EMOMTimerTests" */ = {
			isa = XCConfigurationList;
			buildConfigurations = (
				BB00000000000000001012 /* Debug */,
				BB00000000000000001013 /* Release */,
			);
			defaultConfigurationIsVisible = 0;
			defaultConfigurationName = Release;
		};
/* End XCConfigurationList section */
	};
	rootObject = A1B2C3D4E5F6789012345614 /* Project object */;
}
